
Microsoft Visual Studio Solution File, Format Version 12.00
# Visual Studio 14
VisualStudioVersion = 14.0.25420.1
MinimumVisualStudioVersion = 10.0.40219.1
Project("{2150E333-8FDC-42A3-9474-1A3956D46DE8}") = "RP3_Alarmclock", "RP3_Alarmclock", "{FA7A358A-9412-44FE-9B36-9414E23D40D7}"
EndProject
Project("{D954291E-2A0B-460D-934E-DC6B0785DB48}") = "RP3_Alarmclock.Shared", "RP3_Alarmclock\RP3_Alarmclock.Shared\RP3_Alarmclock.Shared.shproj", "{5179CC79-8100-4CDE-BCD9-36ADCE5C1EF4}"
EndProject
Project("{FAE04EC0-301F-11D3-BF4B-00C04F79EFBC}") = "RP3_Alarmclock.Windows", "RP3_Alarmclock\RP3_Alarmclock.Windows\RP3_Alarmclock.Windows.csproj", "{E5D427E3-9F2A-4B92-A929-74B2B5CCB04C}"
EndProject
Project("{FAE04EC0-301F-11D3-BF4B-00C04F79EFBC}") = "RP3_Alarmclock.WindowsPhone", "RP3_Alarmclock\RP3_Alarmclock.WindowsPhone\RP3_Alarmclock.WindowsPhone.csproj", "{8FCFC093-3A4F-495E-9C25-138C9C36A2D6}"
EndProject
Global
	GlobalSection(SharedMSBuildProjectFiles) = preSolution
		RP3_Alarmclock\RP3_Alarmclock.Shared\RP3_Alarmclock.Shared.projitems*{5179cc79-8100-4cde-bcd9-36adce5c1ef4}*SharedItemsImports = 13
		RP3_Alarmclock\RP3_Alarmclock.Shared\RP3_Alarmclock.Shared.projitems*{8fcfc093-3a4f-495e-9c25-138c9c36a2d6}*SharedItemsImports = 4
		RP3_Alarmclock\RP3_Alarmclock.Shared\RP3_Alarmclock.Shared.projitems*{e5d427e3-9f2a-4b92-a929-74b2b5ccb04c}*SharedItemsImports = 4
	EndGlobalSection
	GlobalSection(SolutionConfigurationPlatforms) = preSolution
		Debug|Any CPU = Debug|Any CPU
		Debug|ARM = Debug|ARM
		Debug|x64 = Debug|x64
		Debug|x86 = Debug|x86
		Release|Any CPU = Release|Any CPU
		Release|ARM = Release|ARM
		Release|x64 = Release|x64
		Release|x86 = Release|x86
	EndGlobalSection
	GlobalSection(ProjectConfigurationPlatforms) = postSolution
		{E5D427E3-9F2A-4B92-A929-74B2B5CCB04C}.Debug|Any CPU.ActiveCfg = Debug|Any CPU
		{E5D427E3-9F2A-4B92-A929-74B2B5CCB04C}.Debug|Any CPU.Build.0 = Debug|Any CPU
		{E5D427E3-9F2A-4B92-A929-74B2B5CCB04C}.Debug|Any CPU.Deploy.0 = Debug|Any CPU
		{E5D427E3-9F2A-4B92-A929-74B2B5CCB04C}.Debug|ARM.ActiveCfg = Debug|ARM
		{E5D427E3-9F2A-4B92-A929-74B2B5CCB04C}.Debug|ARM.Build.0 = Debug|ARM
		{E5D427E3-9F2A-4B92-A929-74B2B5CCB04C}.Debug|ARM.Deploy.0 = Debug|ARM
		{E5D427E3-9F2A-4B92-A929-74B2B5CCB04C}.Debug|x64.ActiveCfg = Debug|x64
		{E5D427E3-9F2A-4B92-A929-74B2B5CCB04C}.Debug|x64.Build.0 = Debug|x64
		{E5D427E3-9F2A-4B92-A929-74B2B5CCB04C}.Debug|x64.Deploy.0 = Debug|x64
		{E5D427E3-9F2A-4B92-A929-74B2B5CCB04C}.Debug|x86.ActiveCfg = Debug|x86
		{E5D427E3-9F2A-4B92-A929-74B2B5CCB04C}.Debug|x86.Build.0 = Debug|x86
		{E5D427E3-9F2A-4B92-A929-74B2B5CCB04C}.Debug|x86.Deploy.0 = Debug|x86
		{E5D427E3-9F2A-4B92-A929-74B2B5CCB04C}.Release|Any CPU.ActiveCfg = Release|Any CPU
		{E5D427E3-9F2A-4B92-A929-74B2B5CCB04C}.Release|Any CPU.Build.0 = Release|Any CPU
		{E5D427E3-9F2A-4B92-A929-74B2B5CCB04C}.Release|Any CPU.Deploy.0 = Release|Any CPU
		{E5D427E3-9F2A-4B92-A929-74B2B5CCB04C}.Release|ARM.ActiveCfg = Release|ARM
		{E5D427E3-9F2A-4B92-A929-74B2B5CCB04C}.Release|ARM.Build.0 = Release|ARM
		{E5D427E3-9F2A-4B92-A929-74B2B5CCB04C}.Release|ARM.Deploy.0 = Release|ARM
		{E5D427E3-9F2A-4B92-A929-74B2B5CCB04C}.Release|x64.ActiveCfg = Release|x64
		{E5D427E3-9F2A-4B92-A929-74B2B5CCB04C}.Release|x64.Build.0 = Release|x64
		{E5D427E3-9F2A-4B92-A929-74B2B5CCB04C}.Release|x64.Deploy.0 = Release|x64
		{E5D427E3-9F2A-4B92-A929-74B2B5CCB04C}.Release|x86.ActiveCfg = Release|x86
		{E5D427E3-9F2A-4B92-A929-74B2B5CCB04C}.Release|x86.Build.0 = Release|x86
		{E5D427E3-9F2A-4B92-A929-74B2B5CCB04C}.Release|x86.Deploy.0 = Release|x86
		{8FCFC093-3A4F-495E-9C25-138C9C36A2D6}.Debug|Any CPU.ActiveCfg = Debug|Any CPU
		{8FCFC093-3A4F-495E-9C25-138C9C36A2D6}.Debug|Any CPU.Build.0 = Debug|Any CPU
		{8FCFC093-3A4F-495E-9C25-138C9C36A2D6}.Debug|Any CPU.Deploy.0 = Debug|Any CPU
		{8FCFC093-3A4F-495E-9C25-138C9C36A2D6}.Debug|ARM.ActiveCfg = Debug|ARM
		{8FCFC093-3A4F-495E-9C25-138C9C36A2D6}.Debug|ARM.Build.0 = Debug|ARM
		{8FCFC093-3A4F-495E-9C25-138C9C36A2D6}.Debug|ARM.Deploy.0 = Debug|ARM
		{8FCFC093-3A4F-495E-9C25-138C9C36A2D6}.Debug|x64.ActiveCfg = Debug|Any CPU
		{8FCFC093-3A4F-495E-9C25-138C9C36A2D6}.Debug|x64.Build.0 = Debug|Any CPU
		{8FCFC093-3A4F-495E-9C25-138C9C36A2D6}.Debug|x64.Deploy.0 = Debug|Any CPU
		{8FCFC093-3A4F-495E-9C25-138C9C36A2D6}.Debug|x86.ActiveCfg = Debug|x86
		{8FCFC093-3A4F-495E-9C25-138C9C36A2D6}.Debug|x86.Build.0 = Debug|x86
		{8FCFC093-3A4F-495E-9C25-138C9C36A2D6}.Debug|x86.Deploy.0 = Debug|x86
		{8FCFC093-3A4F-495E-9C25-138C9C36A2D6}.Release|Any CPU.ActiveCfg = Release|Any CPU
		{8FCFC093-3A4F-495E-9C25-138C9C36A2D6}.Release|Any CPU.Build.0 = Release|Any CPU
		{8FCFC093-3A4F-495E-9C25-138C9C36A2D6}.Release|Any CPU.Deploy.0 = Release|Any CPU
		{8FCFC093-3A4F-495E-9C25-138C9C36A2D6}.Release|ARM.ActiveCfg = Release|ARM
		{8FCFC093-3A4F-495E-9C25-138C9C36A2D6}.Release|ARM.Build.0 = Release|ARM
		{8FCFC093-3A4F-495E-9C25-138C9C36A2D6}.Release|ARM.Deploy.0 = Release|ARM
		{8FCFC093-3A4F-495E-9C25-138C9C36A2D6}.Release|x64.ActiveCfg = Release|Any CPU
		{8FCFC093-3A4F-495E-9C25-138C9C36A2D6}.Release|x64.Build.0 = Release|Any CPU
		{8FCFC093-3A4F-495E-9C25-138C9C36A2D6}.Release|x64.Deploy.0 = Release|Any CPU
		{8FCFC093-3A4F-495E-9C25-138C9C36A2D6}.Release|x86.ActiveCfg = Release|x86
		{8FCFC093-3A4F-495E-9C25-138C9C36A2D6}.Release|x86.Build.0 = Release|x86
		{8FCFC093-3A4F-495E-9C25-138C9C36A2D6}.Release|x86.Deploy.0 = Release|x86
	EndGlobalSection
	GlobalSection(SolutionProperties) = preSolution
		HideSolutionNode = FALSE
	EndGlobalSection
	GlobalSection(NestedProjects) = preSolution
		{5179CC79-8100-4CDE-BCD9-36ADCE5C1EF4} = {FA7A358A-9412-44FE-9B36-9414E23D40D7}
		{E5D427E3-9F2A-4B92-A929-74B2B5CCB04C} = {FA7A358A-9412-44FE-9B36-9414E23D40D7}
		{8FCFC093-3A4F-495E-9C25-138C9C36A2D6} = {FA7A358A-9412-44FE-9B36-9414E23D40D7}
	EndGlobalSection
EndGlobal
